
Microsoft Visual Studio Solution File, Format Version 11.00
# Visual Studio 2010
Project("{FAE04EC0-301F-11D3-BF4B-00C04F79EFBC}") = "Assembly-CSharp", "Assembly-CSharp.csproj", "{74d4ba93-ed0b-db6d-7830-384be4ac20c9}"
EndProject
Project("{FAE04EC0-301F-11D3-BF4B-00C04F79EFBC}") = "Assembly-CSharp-firstpass", "Assembly-CSharp-firstpass.csproj", "{3705533d-db1c-2170-f0dc-283c85d005be}"
EndProject
Project("{FAE04EC0-301F-11D3-BF4B-00C04F79EFBC}") = "Assembly-CSharp-Editor-firstpass", "Assembly-CSharp-Editor-firstpass.csproj", "{b93d1c1a-9482-911c-a9b4-1fd858488af2}"
EndProject
Global
	GlobalSection(SolutionConfigurationPlatforms) = preSolution
		Debug|Any CPU = Debug|Any CPU
		Release|Any CPU = Release|Any CPU
	EndGlobalSection
	GlobalSection(ProjectConfigurationPlatforms) = postSolution
		{74d4ba93-ed0b-db6d-7830-384be4ac20c9}.Debug|Any CPU.ActiveCfg = Debug|Any CPU
		{74d4ba93-ed0b-db6d-7830-384be4ac20c9}.Debug|Any CPU.Build.0 = Debug|Any CPU
		{74d4ba93-ed0b-db6d-7830-384be4ac20c9}.Release|Any CPU.ActiveCfg = Release|Any CPU
		{74d4ba93-ed0b-db6d-7830-384be4ac20c9}.Release|Any CPU.Build.0 = Release|Any CPU
		{3705533d-db1c-2170-f0dc-283c85d005be}.Debug|Any CPU.ActiveCfg = Debug|Any CPU
		{3705533d-db1c-2170-f0dc-283c85d005be}.Debug|Any CPU.Build.0 = Debug|Any CPU
		{3705533d-db1c-2170-f0dc-283c85d005be}.Release|Any CPU.ActiveCfg = Release|Any CPU
		{3705533d-db1c-2170-f0dc-283c85d005be}.Release|Any CPU.Build.0 = Release|Any CPU
		{b93d1c1a-9482-911c-a9b4-1fd858488af2}.Debug|Any CPU.ActiveCfg = Debug|Any CPU
		{b93d1c1a-9482-911c-a9b4-1fd858488af2}.Debug|Any CPU.Build.0 = Debug|Any CPU
		{b93d1c1a-9482-911c-a9b4-1fd858488af2}.Release|Any CPU.ActiveCfg = Release|Any CPU
		{b93d1c1a-9482-911c-a9b4-1fd858488af2}.Release|Any CPU.Build.0 = Release|Any CPU
	EndGlobalSection
	GlobalSection(SolutionProperties) = preSolution
		HideSolutionNode = FALSE
	EndGlobalSection
EndGlobal
